
Microsoft Visual Studio Solution File, Format Version 12.00
# Visual Studio 14
VisualStudioVersion = 14.0.24720.0
MinimumVisualStudioVersion = 10.0.40219.1
Project("{FAE04EC0-301F-11D3-BF4B-00C04F79EFBC}") = "rewrite(one part)Arcanabug_v4", "rewrite(one part)Arcanabug_v4\rewrite(one part)Arcanabug_v4.csproj", "{0997343A-0D08-447F-AAB8-6D6D92BDBBED}"
EndProject
Global
	GlobalSection(SolutionConfigurationPlatforms) = preSolution
		Debug|Any CPU = Debug|Any CPU
		Release|Any CPU = Release|Any CPU
	EndGlobalSection
	GlobalSection(ProjectConfigurationPlatforms) = postSolution
		{0997343A-0D08-447F-AAB8-6D6D92BDBBED}.Debug|Any CPU.ActiveCfg = Debug|Any CPU
		{0997343A-0D08-447F-AAB8-6D6D92BDBBED}.Debug|Any CPU.Build.0 = Debug|Any CPU
		{0997343A-0D08-447F-AAB8-6D6D92BDBBED}.Release|Any CPU.ActiveCfg = Release|Any CPU
		{0997343A-0D08-447F-AAB8-6D6D92BDBBED}.Release|Any CPU.Build.0 = Release|Any CPU
	EndGlobalSection
	GlobalSection(SolutionProperties) = preSolution
		HideSolutionNode = FALSE
	EndGlobalSection
EndGlobal
